<?xml version="1.0" encoding="utf-8"?>
<Project ToolsVersion="4.0" xmlns="http://schemas.microsoft.com/developer/msbuild/2003">
  <ItemGroup>
    <None Include="..\src\craft\README.md">
      <Filter>src</Filter>
    </None>
    <None Include="..\src\craft\gfx\README.md">
      <Filter>src\gfx</Filter>
    </None>
    <None Include="..\assets\shaders\simple.vert.glsl">
      <Filter>assets/shaders</Filter>
    </None>
    <None Include="..\assets\shaders\simple.frag.glsl">
      <Filter>assets/shaders</Filter>
    </None>
    <None Include="..\assets\shaders\console.vert.glsl">
      <Filter>assets/shaders</Filter>
    </None>
    <None Include="..\assets\shaders\console.frag.glsl">
      <Filter>assets/shaders</Filter>
    </None>
    <None Include="Engine.props" />
    <None Include="EngineDebug.props" />
    <None Include="EngineRelease.props" />
  </ItemGroup>
  <ItemGroup>
    <Filter Include="assets/shaders">
      <UniqueIdentifier>{d5b9501a-853e-4d10-89e9-968d58a858bd}</UniqueIdentifier>
    </Filter>
    <Filter Include="src">
      <UniqueIdentifier>{01932e39-84e3-423b-89e6-606880f45411}</UniqueIdentifier>
    </Filter>
    <Filter Include="src\gfx">
      <UniqueIdentifier>{d74ee065-5770-4936-acbe-cf93d9fa486f}</UniqueIdentifier>
    </Filter>
    <Filter Include="src\input">
      <UniqueIdentifier>{3dd53070-a710-434c-b6e8-616c50dff4b7}</UniqueIdentifier>
    </Filter>
    <Filter Include="src\features">
      <UniqueIdentifier>{e01119fd-c7a3-4894-b01f-94307c5af0cd}</UniqueIdentifier>
    </Filter>
    <Filter Include="src\features\rooms">
      <UniqueIdentifier>{0256118d-61be-4eeb-ab1d-932a7144bbd4}</UniqueIdentifier>
    </Filter>
    <Filter Include="src\gfx\opengl4">
      <UniqueIdentifier>{c6b0e025-a428-41a1-87f7-de5dca358a7b}</UniqueIdentifier>
    </Filter>
    <Filter Include="src\gfx\opengl3">
      <UniqueIdentifier>{1c20fc7d-2e6b-4f96-a754-9962bc59d90d}</UniqueIdentifier>
    </Filter>
    <Filter Include="src\util">
      <UniqueIdentifier>{5455bc0f-01ab-43f5-badf-a10ed4f65add}</UniqueIdentifier>
    </Filter>
    <Filter Include="src\ecs">
      <UniqueIdentifier>{47d54a9c-d691-4905-8c10-6833af945267}</UniqueIdentifier>
    </Filter>
    <Filter Include="src\assets">
      <UniqueIdentifier>{9057a928-9352-470c-8da9-8365f8daf2f9}</UniqueIdentifier>
    </Filter>
  </ItemGroup>
  <ItemGroup>
    <ClInclude Include="..\src\craft\common.h">
      <Filter>src</Filter>
    </ClInclude>
    <ClInclude Include="..\src\craft\core.h">
      <Filter>src</Filter>
    </ClInclude>
    <ClInclude Include="..\src\craft\gfx\asset.h">
      <Filter>src\gfx</Filter>
    </ClInclude>
    <ClInclude Include="..\src\craft\gfx\camera.h">
      <Filter>src\gfx</Filter>
    </ClInclude>
    <ClInclude Include="..\src\craft\gfx\scene.h">
      <Filter>src\gfx</Filter>
    </ClInclude>
    <ClInclude Include="..\src\craft\gfx\shader.h">
      <Filter>src\gfx</Filter>
    </ClInclude>
    <ClInclude Include="..\src\craft\input\console.h">
      <Filter>src\input</Filter>
    </ClInclude>
    <ClInclude Include="..\src\craft\features\StandardCamera.h">
      <Filter>src\features</Filter>
    </ClInclude>
    <ClInclude Include="..\src\craft\input\IInputHandler.h">
      <Filter>src\input</Filter>
    </ClInclude>
    <ClInclude Include="..\src\craft\features\handlers.h">
      <Filter>src\features</Filter>
    </ClInclude>
    <ClInclude Include="..\src\craft\features\rooms\rooms.h">
      <Filter>src\features\rooms</Filter>
    </ClInclude>
    <ClInclude Include="..\src\craft\gfx\Mesh.hpp">
      <Filter>src\gfx</Filter>
    </ClInclude>
    <ClInclude Include="..\src\craft\gfx\gl.h">
      <Filter>src\gfx</Filter>
    </ClInclude>
    <ClInclude Include="..\src\craft\gfx\Shader.hpp">
      <Filter>src\gfx</Filter>
    </ClInclude>
    <ClInclude Include="..\src\craft\gfx\Triangle.hpp">
      <Filter>src\gfx</Filter>
    </ClInclude>
    <ClInclude Include="..\src\craft\gfx\Vertex.h">
      <Filter>src\gfx</Filter>
    </ClInclude>
    <ClInclude Include="..\src\craft\features\flat_world.h">
      <Filter>src\features</Filter>
    </ClInclude>
    <ClInclude Include="..\src\craft\gfx\Texture.h">
      <Filter>src\gfx</Filter>
    </ClInclude>
    <ClInclude Include="..\src\craft\types.h">
      <Filter>src</Filter>
    </ClInclude>
    <ClInclude Include="..\src\craft\input\InputMapping.h">
      <Filter>src\input</Filter>
    </ClInclude>
    <ClInclude Include="..\src\craft\input\InputText.h">
      <Filter>src\input</Filter>
    </ClInclude>
    <ClInclude Include="..\src\craft\util\signal.hpp">
      <Filter>src\util</Filter>
    </ClInclude>
    <ClInclude Include="..\src\craft\Engine.h">
      <Filter>src</Filter>
    </ClInclude>
    <ClInclude Include="..\src\craft\IGame.h">
      <Filter>src</Filter>
    </ClInclude>
    <ClInclude Include="..\src\craft\main.inc" />
    <ClInclude Include="..\src\craft\ecs\core.h">
      <Filter>src\ecs</Filter>
    </ClInclude>
    <ClInclude Include="..\src\craft\ecs\entity.h">
      <Filter>src\ecs</Filter>
    </ClInclude>
    <ClInclude Include="..\src\craft\ecs\managers.h">
      <Filter>src\ecs</Filter>
    </ClInclude>
    <ClInclude Include="..\src\craft\ecs\System.h">
      <Filter>src\ecs</Filter>
    </ClInclude>
    <ClInclude Include="..\src\craft\util\all.h">
      <Filter>src\util</Filter>
    </ClInclude>
    <ClInclude Include="..\src\craft\util\path.h">
      <Filter>src\util</Filter>
    </ClInclude>
    <ClInclude Include="..\src\craft\config.h">
      <Filter>src</Filter>
    </ClInclude>
    <ClInclude Include="..\src\craft\assets\assets.h">
      <Filter>src\assets</Filter>
    </ClInclude>
    <ClInclude Include="..\src\craft\util\templates.h">
      <Filter>src\util</Filter>
    </ClInclude>
    <ClInclude Include="..\src\craft\input\types.h">
      <Filter>src\input</Filter>
    </ClInclude>
    <ClInclude Include="..\src\craft\input\conversions.h">
      <Filter>src\input</Filter>
    </ClInclude>
  </ItemGroup>
  <ItemGroup>
    <ClCompile Include="..\src\craft\gfx\asset.cpp">
      <Filter>src\gfx</Filter>
    </ClCompile>
    <ClCompile Include="..\src\craft\gfx\camera.cpp">
      <Filter>src\gfx</Filter>
    </ClCompile>
    <ClCompile Include="..\src\craft\gfx\scene.cpp">
      <Filter>src\gfx</Filter>
    </ClCompile>
    <ClCompile Include="..\src\craft\gfx\shader.cpp">
      <Filter>src\gfx</Filter>
    </ClCompile>
    <ClCompile Include="..\src\craft\input\console.cpp">
      <Filter>src\input</Filter>
    </ClCompile>
    <ClCompile Include="..\src\craft\features\StandardCamera.cpp">
      <Filter>src\features</Filter>
    </ClCompile>
    <ClCompile Include="..\src\craft\features\handlers.cpp">
      <Filter>src\features</Filter>
    </ClCompile>
    <ClCompile Include="..\src\craft\features\rooms\rooms.cpp">
      <Filter>src\features\rooms</Filter>
    </ClCompile>
    <ClCompile Include="..\src\craft\gfx\opengl4\gl.cpp">
      <Filter>src\gfx\opengl4</Filter>
    </ClCompile>
    <ClCompile Include="..\src\craft\gfx\Vertex.cpp">
      <Filter>src\gfx</Filter>
    </ClCompile>
    <ClCompile Include="..\src\craft\features\flat_world.cpp">
      <Filter>src\features</Filter>
    </ClCompile>
    <ClCompile Include="..\src\craft\gfx\Texture.cpp">
      <Filter>src\gfx</Filter>
    </ClCompile>
    <ClCompile Include="..\src\craft\types.cpp">
      <Filter>src</Filter>
    </ClCompile>
    <ClCompile Include="..\src\craft\input\InputMapping.cpp">
      <Filter>src\input</Filter>
    </ClCompile>
    <ClCompile Include="..\src\craft\input\InputText.cpp">
      <Filter>src\input</Filter>
    </ClCompile>
    <ClCompile Include="..\src\craft\Engine.cpp">
      <Filter>src</Filter>
    </ClCompile>
    <ClCompile Include="..\src\craft\GameBase.cpp">
      <Filter>src</Filter>
    </ClCompile>
    <ClCompile Include="pre_compiled_common.cpp" />
    <ClCompile Include="..\src\craft\util\path_windows.cpp">
      <Filter>src\util</Filter>
    </ClCompile>
    <ClCompile Include="..\src\craft\config.cpp">
      <Filter>src</Filter>
    </ClCompile>
    <ClCompile Include="..\src\craft\assets\assets.cpp">
      <Filter>src\assets</Filter>
    </ClCompile>
    <ClCompile Include="..\src\craft\util\path.cpp">
      <Filter>src\util</Filter>
    </ClCompile>
    <ClCompile Include="..\src\craft\input\conversions.cpp">
      <Filter>src\input</Filter>
    </ClCompile>
  </ItemGroup>
</Project>