<?xml version="1.0" encoding="utf-8"?>
<Project ToolsVersion="4.0" xmlns="http://schemas.microsoft.com/developer/msbuild/2003">
  <ItemGroup>
    <None Include="..\assets\simple.frag.glsl">
      <Filter>assets/shaders</Filter>
    </None>
    <None Include="..\assets\simple.vert.glsl">
      <Filter>assets/shaders</Filter>
    </None>
  </ItemGroup>
  <ItemGroup>
    <Filter Include="assets/shaders">
      <UniqueIdentifier>{d5b9501a-853e-4d10-89e9-968d58a858bd}</UniqueIdentifier>
    </Filter>
  </ItemGroup>
  <ItemGroup>
    <ClCompile Include="..\src\app_simple.cpp" />
    <ClCompile Include="..\src\asset.cpp" />
    <ClCompile Include="..\src\camera.cpp" />
    <ClCompile Include="..\src\console.cpp" />
    <ClCompile Include="..\src\driver.cpp" />
    <ClCompile Include="..\src\event_input.cpp" />
    <ClCompile Include="..\src\scene.cpp" />
    <ClCompile Include="..\src\shader.cpp" />
  </ItemGroup>
  <ItemGroup>
    <ClInclude Include="..\src\asset.h" />
    <ClInclude Include="..\src\camera.h" />
    <ClInclude Include="..\src\common.h" />
    <ClInclude Include="..\src\console.h" />
    <ClInclude Include="..\src\core.h" />
    <ClInclude Include="..\src\event_input.h" />
    <ClInclude Include="..\src\scene.h" />
    <ClInclude Include="..\src\shader.h" />
  </ItemGroup>
</Project>